
Microsoft Visual Studio Solution File, Format Version 12.00
# Visual Studio 2015
Project("{FAE04EC0-301F-11D3-BF4B-00C04F79EFBC}") = "Disser.CSharp", "Disser.CSharp.csproj", "{DE4E8CE9-D9C2-AAD6-FF54-A4D4C0E7E798}"
EndProject
Project("{FAE04EC0-301F-11D3-BF4B-00C04F79EFBC}") = "Disser.CSharp.Editor", "Disser.CSharp.Editor.csproj", "{1827F381-447F-72B3-5108-223050CA6717}"
EndProject
Global
	GlobalSection(SolutionConfigurationPlatforms) = preSolution
		Debug|Any CPU = Debug|Any CPU
		Release|Any CPU = Release|Any CPU
	EndGlobalSection
	GlobalSection(ProjectConfigurationPlatforms) = postSolution
		{DE4E8CE9-D9C2-AAD6-FF54-A4D4C0E7E798}.Debug|Any CPU.ActiveCfg = Debug|Any CPU
		{DE4E8CE9-D9C2-AAD6-FF54-A4D4C0E7E798}.Debug|Any CPU.Build.0 = Debug|Any CPU
		{DE4E8CE9-D9C2-AAD6-FF54-A4D4C0E7E798}.Release|Any CPU.ActiveCfg = Release|Any CPU
		{DE4E8CE9-D9C2-AAD6-FF54-A4D4C0E7E798}.Release|Any CPU.Build.0 = Release|Any CPU
		{1827F381-447F-72B3-5108-223050CA6717}.Debug|Any CPU.ActiveCfg = Debug|Any CPU
		{1827F381-447F-72B3-5108-223050CA6717}.Debug|Any CPU.Build.0 = Debug|Any CPU
		{1827F381-447F-72B3-5108-223050CA6717}.Release|Any CPU.ActiveCfg = Release|Any CPU
		{1827F381-447F-72B3-5108-223050CA6717}.Release|Any CPU.Build.0 = Release|Any CPU
	EndGlobalSection
	GlobalSection(SolutionProperties) = preSolution
		HideSolutionNode = FALSE
	EndGlobalSection
EndGlobal
